
Microsoft Visual Studio Solution File, Format Version 12.00
# Visual Studio Version 17
VisualStudioVersion = 17.5.33530.505
MinimumVisualStudioVersion = 10.0.40219.1
Project("{FAE04EC0-301F-11D3-BF4B-00C04F79EFBC}") = "EF7_vs_World", "EF7_vs_World\EF7_vs_World.csproj", "{770C4A50-1C68-45A0-89CB-15A60778D9C7}"
EndProject
Global
	GlobalSection(SolutionConfigurationPlatforms) = preSolution
		Debug|Any CPU = Debug|Any CPU
		Release|Any CPU = Release|Any CPU
	EndGlobalSection
	GlobalSection(ProjectConfigurationPlatforms) = postSolution
		{770C4A50-1C68-45A0-89CB-15A60778D9C7}.Debug|Any CPU.ActiveCfg = Debug|Any CPU
		{770C4A50-1C68-45A0-89CB-15A60778D9C7}.Debug|Any CPU.Build.0 = Debug|Any CPU
		{770C4A50-1C68-45A0-89CB-15A60778D9C7}.Release|Any CPU.ActiveCfg = Release|Any CPU
		{770C4A50-1C68-45A0-89CB-15A60778D9C7}.Release|Any CPU.Build.0 = Release|Any CPU
	EndGlobalSection
	GlobalSection(SolutionProperties) = preSolution
		HideSolutionNode = FALSE
	EndGlobalSection
	GlobalSection(ExtensibilityGlobals) = postSolution
		SolutionGuid = {973427B3-4C93-40E5-B40D-9388750B1E4A}
	EndGlobalSection
EndGlobal
